{
  "name": "javascript",
  "version": "1.0.0",
  "lockfileVersion": 3,
  "requires": true,
  "packages": {
    "": {
      "name": "javascript",
      "version": "1.0.0",
      "license": "MIT",
      "dependencies": {
        "react": "beta"
      }
    },
    "node_modules/react": {
      "version": "19.0.0-beta-26f2496093-20240514",
      "resolved": "https://registry.npmjs.org/react/-/react-19.0.0-beta-26f2496093-20240514.tgz",
      "integrity": "sha512-ZsU/WjNZ6GfzMWsq2DcGjElpV9it8JmETHm9mAJuOJNhuJcWJxt8ltCJabONFRpDFq1A/DP0d0KFj9CTJVM4VA==",
      "engines": {
        "node": ">=0.10.0"
      }
    }
  }
}
