{
  "name": "javascript",
  "version": "1.0.0",
  "lockfileVersion": 3,
  "requires": true,
  "packages": {
    "": {
      "name": "javascript",
      "version": "1.0.0",
      "license": "MIT",
      "dependencies": {
        "lib1-fangfanghao": "dev"
      }
    },
    "node_modules/lib1-fangfanghao": {
      "version": "1.2.0",
      "resolved": "https://registry.npmjs.org/lib1-fangfanghao/-/lib1-fangfanghao-1.2.0.tgz",
      "integrity": "sha512-oegYA1hpq6MbFdkbrRyMXlggyyEjsn7IeFFz/IPg1GB00R773omBcTxT4P3i5DdXsk6iC/U82HpkuXSXFfjcNA=="
    }
  }
}
