# THIS IS AN AUTOGENERATED FILE. DO NOT EDIT THIS FILE DIRECTLY.
# yarn lockfile v1


lib1-fangfanghao@dev:
  version "1.2.0"
  resolved "https://registry.yarnpkg.com/lib1-fangfanghao/-/lib1-fangfanghao-1.2.0.tgz#80d2743d53cd841c9687fa31567f047221b1ea0d"
  integrity sha512-oegYA1hpq6MbFdkbrRyMXlggyyEjsn7IeFFz/IPg1GB00R773omBcTxT4P3i5DdXsk6iC/U82HpkuXSXFfjcNA==
