# THIS IS AN AUTOGENERATED FILE. DO NOT EDIT THIS FILE DIRECTLY.
# yarn lockfile v1


lib1-fangfanghao@latest:
  version "1.2.1"
  resolved "https://seismic.jfrog.io/artifactory/api/npm/npm/lib1-fangfanghao/-/lib1-fangfanghao-1.2.1.tgz"
  integrity sha512-mZ4/epidJRuGo5SuavEiPCP1x97D2Un8cQyoUGDrvRoQJNlVJy6lFS12OFgNFx2NmNTu+5p+B4vprBfP7zbl1g==
  dependencies:
    lib2-fangfanghao "1.0.0"

lib2-fangfanghao@dev:
  version "1.0.2"
  resolved "https://seismic.jfrog.io/artifactory/api/npm/npm/lib2-fangfanghao/-/lib2-fangfanghao-1.0.2.tgz"
  integrity sha512-Zd5L5VFUtQtALfpUEzh0SFrvUyxNRO1yHVA9sF/KfFMv5ZgHyrolzV3+8wkPPPHWPtsFNGwRl04tVffi6OMGUA==
