# THIS IS AN AUTOGENERATED FILE. DO NOT EDIT THIS FILE DIRECTLY.
# yarn lockfile v1


lib1-fangfanghao@dev:
  version "1.0.0"
  resolved "https://registry.yarnpkg.com/lib1-fangfanghao/-/lib1-fangfanghao-1.0.0.tgz#7620180abef6f6418cea80e7143c9b6993210d0d"
  integrity sha512-dU7xtUL/bBs6NqXAUG3ml8AxCwRGWP/SUxauN+q9PnnwMY+a+Zw23hiYQjCtFb/A2ijQrNrSLpyp8XZ64N77nA==
